
Microsoft Visual Studio Solution File, Format Version 12.00
# Visual Studio Version 17
VisualStudioVersion = 17.12.35527.113 d17.12
MinimumVisualStudioVersion = 10.0.40219.1
Project("{FAE04EC0-301F-11D3-BF4B-00C04F79EFBC}") = "aoc2024", "aoc2024\aoc2024.csproj", "{7ABA0051-18D9-43FF-91E6-75B3CB7F253F}"
EndProject
Global
	GlobalSection(SolutionConfigurationPlatforms) = preSolution
		Debug|Any CPU = Debug|Any CPU
		Release|Any CPU = Release|Any CPU
	EndGlobalSection
	GlobalSection(ProjectConfigurationPlatforms) = postSolution
		{7ABA0051-18D9-43FF-91E6-75B3CB7F253F}.Debug|Any CPU.ActiveCfg = Debug|Any CPU
		{7ABA0051-18D9-43FF-91E6-75B3CB7F253F}.Debug|Any CPU.Build.0 = Debug|Any CPU
		{7ABA0051-18D9-43FF-91E6-75B3CB7F253F}.Release|Any CPU.ActiveCfg = Release|Any CPU
		{7ABA0051-18D9-43FF-91E6-75B3CB7F253F}.Release|Any CPU.Build.0 = Release|Any CPU
	EndGlobalSection
	GlobalSection(SolutionProperties) = preSolution
		HideSolutionNode = FALSE
	EndGlobalSection
EndGlobal
